
Microsoft Visual Studio Solution File, Format Version 12.00
# Visual Studio Version 17
VisualStudioVersion = 17.9.34723.18
MinimumVisualStudioVersion = 10.0.40219.1
Project("{FAE04EC0-301F-11D3-BF4B-00C04F79EFBC}") = "Paweł_Sobolewski_kolokwium2_GL2_20240514", "Paweł_Sobolewski_kolokwium2_GL2_20240514\Paweł_Sobolewski_kolokwium2_GL2_20240514.csproj", "{B329A47E-2EBC-4D3F-99EB-58473B51EB62}"
EndProject
Global
	GlobalSection(SolutionConfigurationPlatforms) = preSolution
		Debug|Any CPU = Debug|Any CPU
		Release|Any CPU = Release|Any CPU
	EndGlobalSection
	GlobalSection(ProjectConfigurationPlatforms) = postSolution
		{B329A47E-2EBC-4D3F-99EB-58473B51EB62}.Debug|Any CPU.ActiveCfg = Debug|Any CPU
		{B329A47E-2EBC-4D3F-99EB-58473B51EB62}.Debug|Any CPU.Build.0 = Debug|Any CPU
		{B329A47E-2EBC-4D3F-99EB-58473B51EB62}.Release|Any CPU.ActiveCfg = Release|Any CPU
		{B329A47E-2EBC-4D3F-99EB-58473B51EB62}.Release|Any CPU.Build.0 = Release|Any CPU
	EndGlobalSection
	GlobalSection(SolutionProperties) = preSolution
		HideSolutionNode = FALSE
	EndGlobalSection
	GlobalSection(ExtensibilityGlobals) = postSolution
		SolutionGuid = {8E313B67-4F88-4520-B6ED-4EA366709BCD}
	EndGlobalSection
EndGlobal
